
Microsoft Visual Studio Solution File, Format Version 12.00
# Visual Studio Version 16
VisualStudioVersion = 16.0.32002.261
MinimumVisualStudioVersion = 10.0.40219.1
Project("{FAE04EC0-301F-11D3-BF4B-00C04F79EFBC}") = "TempleTours", "TempleTours\TempleTours.csproj", "{86A8EAF3-C367-4F1D-8B63-7B6D36141228}"
EndProject
Global
	GlobalSection(SolutionConfigurationPlatforms) = preSolution
		Debug|Any CPU = Debug|Any CPU
		Release|Any CPU = Release|Any CPU
	EndGlobalSection
	GlobalSection(ProjectConfigurationPlatforms) = postSolution
		{86A8EAF3-C367-4F1D-8B63-7B6D36141228}.Debug|Any CPU.ActiveCfg = Debug|Any CPU
		{86A8EAF3-C367-4F1D-8B63-7B6D36141228}.Debug|Any CPU.Build.0 = Debug|Any CPU
		{86A8EAF3-C367-4F1D-8B63-7B6D36141228}.Release|Any CPU.ActiveCfg = Release|Any CPU
		{86A8EAF3-C367-4F1D-8B63-7B6D36141228}.Release|Any CPU.Build.0 = Release|Any CPU
	EndGlobalSection
	GlobalSection(SolutionProperties) = preSolution
		HideSolutionNode = FALSE
	EndGlobalSection
	GlobalSection(ExtensibilityGlobals) = postSolution
		SolutionGuid = {E9F7DBB3-1EBA-4E6A-B161-96A473DA83C3}
	EndGlobalSection
EndGlobal
